
Microsoft Visual Studio Solution File, Format Version 12.00
# Visual Studio 2012
Project("{FAE04EC0-301F-11D3-BF4B-00C04F79EFBC}") = "ConvertVideo", "ConvertVideo\ConvertVideo.csproj", "{848E1E97-045F-4BE1-8A4C-8D4CE2F27BEE}"
EndProject
Project("{FAE04EC0-301F-11D3-BF4B-00C04F79EFBC}") = "CreateConfig", "CreateConfig\CreateConfig.csproj", "{4C474878-4774-4078-9A75-CDFCA66ED71A}"
EndProject
Global
	GlobalSection(SolutionConfigurationPlatforms) = preSolution
		Debug|Any CPU = Debug|Any CPU
		Release|Any CPU = Release|Any CPU
	EndGlobalSection
	GlobalSection(ProjectConfigurationPlatforms) = postSolution
		{848E1E97-045F-4BE1-8A4C-8D4CE2F27BEE}.Debug|Any CPU.ActiveCfg = Debug|Any CPU
		{848E1E97-045F-4BE1-8A4C-8D4CE2F27BEE}.Debug|Any CPU.Build.0 = Debug|Any CPU
		{848E1E97-045F-4BE1-8A4C-8D4CE2F27BEE}.Release|Any CPU.ActiveCfg = Release|Any CPU
		{848E1E97-045F-4BE1-8A4C-8D4CE2F27BEE}.Release|Any CPU.Build.0 = Release|Any CPU
		{4C474878-4774-4078-9A75-CDFCA66ED71A}.Debug|Any CPU.ActiveCfg = Debug|Any CPU
		{4C474878-4774-4078-9A75-CDFCA66ED71A}.Debug|Any CPU.Build.0 = Debug|Any CPU
		{4C474878-4774-4078-9A75-CDFCA66ED71A}.Release|Any CPU.ActiveCfg = Release|Any CPU
		{4C474878-4774-4078-9A75-CDFCA66ED71A}.Release|Any CPU.Build.0 = Release|Any CPU
	EndGlobalSection
	GlobalSection(SolutionProperties) = preSolution
		HideSolutionNode = FALSE
	EndGlobalSection
EndGlobal
